
Microsoft Visual Studio Solution File, Format Version 12.00
# Visual Studio Version 17
VisualStudioVersion = 17.2.32616.157
MinimumVisualStudioVersion = 10.0.40219.1
Project("{FAE04EC0-301F-11D3-BF4B-00C04F79EFBC}") = "ZMOD4510CloudApp", "ZMOD4510CloudApp\ZMOD4510CloudApp.csproj", "{2556AD96-CBAE-489A-A368-552CCE95A836}"
EndProject
Global
	GlobalSection(SolutionConfigurationPlatforms) = preSolution
		Debug|Any CPU = Debug|Any CPU
		Release|Any CPU = Release|Any CPU
	EndGlobalSection
	GlobalSection(ProjectConfigurationPlatforms) = postSolution
		{2556AD96-CBAE-489A-A368-552CCE95A836}.Debug|Any CPU.ActiveCfg = Debug|Any CPU
		{2556AD96-CBAE-489A-A368-552CCE95A836}.Debug|Any CPU.Build.0 = Debug|Any CPU
		{2556AD96-CBAE-489A-A368-552CCE95A836}.Release|Any CPU.ActiveCfg = Release|Any CPU
		{2556AD96-CBAE-489A-A368-552CCE95A836}.Release|Any CPU.Build.0 = Release|Any CPU
	EndGlobalSection
	GlobalSection(SolutionProperties) = preSolution
		HideSolutionNode = FALSE
	EndGlobalSection
	GlobalSection(ExtensibilityGlobals) = postSolution
		SolutionGuid = {DD8F3FBC-2944-49A7-8994-055AFF4457DA}
	EndGlobalSection
EndGlobal
